
Microsoft Visual Studio Solution File, Format Version 12.00
# Visual Studio Version 17
VisualStudioVersion = 17.8.34322.80
MinimumVisualStudioVersion = 10.0.40219.1
Project("{888888A0-9F3D-457C-B088-3A5042F75D52}") = "IS_Lab_2", "IS_Lab_2\IS_Lab_2.pyproj", "{944619BA-AA65-4AC6-B5D2-A32BFE38C586}"
EndProject
Global
	GlobalSection(SolutionConfigurationPlatforms) = preSolution
		Debug|Any CPU = Debug|Any CPU
		Release|Any CPU = Release|Any CPU
	EndGlobalSection
	GlobalSection(ProjectConfigurationPlatforms) = postSolution
		{944619BA-AA65-4AC6-B5D2-A32BFE38C586}.Debug|Any CPU.ActiveCfg = Debug|Any CPU
		{944619BA-AA65-4AC6-B5D2-A32BFE38C586}.Release|Any CPU.ActiveCfg = Release|Any CPU
	EndGlobalSection
	GlobalSection(SolutionProperties) = preSolution
		HideSolutionNode = FALSE
	EndGlobalSection
	GlobalSection(ExtensibilityGlobals) = postSolution
		SolutionGuid = {046AA015-865B-474D-AFA0-AAAADFBBA047}
	EndGlobalSection
EndGlobal
